
Microsoft Visual Studio Solution File, Format Version 12.00
# Visual Studio Version 17
VisualStudioVersion = 17.9.34607.119
MinimumVisualStudioVersion = 10.0.40219.1
Project("{FAE04EC0-301F-11D3-BF4B-00C04F79EFBC}") = "AggregatorApp", "AggregatorApp.csproj", "{1738F1CC-9E22-4B55-9E92-B1212E3B3684}"
EndProject
Global
	GlobalSection(SolutionConfigurationPlatforms) = preSolution
		Debug|Any CPU = Debug|Any CPU
		Release|Any CPU = Release|Any CPU
	EndGlobalSection
	GlobalSection(ProjectConfigurationPlatforms) = postSolution
		{1738F1CC-9E22-4B55-9E92-B1212E3B3684}.Debug|Any CPU.ActiveCfg = Debug|Any CPU
		{1738F1CC-9E22-4B55-9E92-B1212E3B3684}.Debug|Any CPU.Build.0 = Debug|Any CPU
		{1738F1CC-9E22-4B55-9E92-B1212E3B3684}.Release|Any CPU.ActiveCfg = Release|Any CPU
		{1738F1CC-9E22-4B55-9E92-B1212E3B3684}.Release|Any CPU.Build.0 = Release|Any CPU
	EndGlobalSection
	GlobalSection(SolutionProperties) = preSolution
		HideSolutionNode = FALSE
	EndGlobalSection
	GlobalSection(ExtensibilityGlobals) = postSolution
		SolutionGuid = {7E14D470-491C-4B98-836B-F3F02EA2E591}
	EndGlobalSection
EndGlobal
