
Microsoft Visual Studio Solution File, Format Version 12.00
# Visual Studio Version 17
VisualStudioVersion = 17.9.34607.119
MinimumVisualStudioVersion = 10.0.40219.1
Project("{9A19103F-16F7-4668-BE54-9A1E7A4F7556}") = "WavyApp", "WavyApp.csproj", "{16D72AF1-D4A1-44B8-8DEC-1F904218F254}"
EndProject
Project("{FAE04EC0-301F-11D3-BF4B-00C04F79EFBC}") = "WavyApp2", "..\WavyApp2\WavyApp2.csproj", "{C3C5D79F-4EED-4028-BCF8-D6C395252C6B}"
EndProject
Project("{FAE04EC0-301F-11D3-BF4B-00C04F79EFBC}") = "WavyApp3", "..\WavyApp3\WavyApp3.csproj", "{076F34A3-8266-481C-BF63-9D721C50F147}"
EndProject
Project("{FAE04EC0-301F-11D3-BF4B-00C04F79EFBC}") = "WavyApp4", "..\WavyApp4\WavyApp4.csproj", "{601BFE89-C465-4686-93DF-2CF1E18AE696}"
EndProject
Global
	GlobalSection(SolutionConfigurationPlatforms) = preSolution
		Debug|Any CPU = Debug|Any CPU
		Release|Any CPU = Release|Any CPU
	EndGlobalSection
	GlobalSection(ProjectConfigurationPlatforms) = postSolution
		{16D72AF1-D4A1-44B8-8DEC-1F904218F254}.Debug|Any CPU.ActiveCfg = Debug|Any CPU
		{16D72AF1-D4A1-44B8-8DEC-1F904218F254}.Debug|Any CPU.Build.0 = Debug|Any CPU
		{16D72AF1-D4A1-44B8-8DEC-1F904218F254}.Release|Any CPU.ActiveCfg = Release|Any CPU
		{16D72AF1-D4A1-44B8-8DEC-1F904218F254}.Release|Any CPU.Build.0 = Release|Any CPU
		{C3C5D79F-4EED-4028-BCF8-D6C395252C6B}.Debug|Any CPU.ActiveCfg = Debug|Any CPU
		{C3C5D79F-4EED-4028-BCF8-D6C395252C6B}.Debug|Any CPU.Build.0 = Debug|Any CPU
		{C3C5D79F-4EED-4028-BCF8-D6C395252C6B}.Release|Any CPU.ActiveCfg = Release|Any CPU
		{C3C5D79F-4EED-4028-BCF8-D6C395252C6B}.Release|Any CPU.Build.0 = Release|Any CPU
		{076F34A3-8266-481C-BF63-9D721C50F147}.Debug|Any CPU.ActiveCfg = Debug|Any CPU
		{076F34A3-8266-481C-BF63-9D721C50F147}.Debug|Any CPU.Build.0 = Debug|Any CPU
		{076F34A3-8266-481C-BF63-9D721C50F147}.Release|Any CPU.ActiveCfg = Release|Any CPU
		{076F34A3-8266-481C-BF63-9D721C50F147}.Release|Any CPU.Build.0 = Release|Any CPU
		{601BFE89-C465-4686-93DF-2CF1E18AE696}.Debug|Any CPU.ActiveCfg = Debug|Any CPU
		{601BFE89-C465-4686-93DF-2CF1E18AE696}.Debug|Any CPU.Build.0 = Debug|Any CPU
		{601BFE89-C465-4686-93DF-2CF1E18AE696}.Release|Any CPU.ActiveCfg = Release|Any CPU
		{601BFE89-C465-4686-93DF-2CF1E18AE696}.Release|Any CPU.Build.0 = Release|Any CPU
	EndGlobalSection
	GlobalSection(SolutionProperties) = preSolution
		HideSolutionNode = FALSE
	EndGlobalSection
	GlobalSection(ExtensibilityGlobals) = postSolution
		SolutionGuid = {89B61C02-B569-45CF-A099-A26B3D1D67F0}
	EndGlobalSection
EndGlobal
