
Microsoft Visual Studio Solution File, Format Version 12.00
# Visual Studio Version 17
VisualStudioVersion = 17.9.34607.119
MinimumVisualStudioVersion = 10.0.40219.1
Project("{FAE04EC0-301F-11D3-BF4B-00C04F79EFBC}") = "PreprocessingService", "PreprocessingService.csproj", "{31074ECA-8F5D-4905-A6E4-DC66E1550E7E}"
EndProject
Global
	GlobalSection(SolutionConfigurationPlatforms) = preSolution
		Debug|Any CPU = Debug|Any CPU
		Release|Any CPU = Release|Any CPU
	EndGlobalSection
	GlobalSection(ProjectConfigurationPlatforms) = postSolution
		{31074ECA-8F5D-4905-A6E4-DC66E1550E7E}.Debug|Any CPU.ActiveCfg = Debug|Any CPU
		{31074ECA-8F5D-4905-A6E4-DC66E1550E7E}.Debug|Any CPU.Build.0 = Debug|Any CPU
		{31074ECA-8F5D-4905-A6E4-DC66E1550E7E}.Release|Any CPU.ActiveCfg = Release|Any CPU
		{31074ECA-8F5D-4905-A6E4-DC66E1550E7E}.Release|Any CPU.Build.0 = Release|Any CPU
	EndGlobalSection
	GlobalSection(SolutionProperties) = preSolution
		HideSolutionNode = FALSE
	EndGlobalSection
	GlobalSection(ExtensibilityGlobals) = postSolution
		SolutionGuid = {88BC3B87-4C60-44D9-B0B0-8848F335B78D}
	EndGlobalSection
EndGlobal
